// !$*UTF8*$!
{
	archiveVersion = 1;
	classes = {
	};
	objectVersion = 48;
	objects = {

/* Begin PBXBuildFile section */
		956100B121172D2300146C53 /* AppDelegate.swift in Sources */ = {isa = PBXBuildFile; fileRef = 956100B021172D2300146C53 /* AppDelegate.swift */; };
		956100B321172D2300146C53 /* ViewController.swift in Sources */ = {isa = PBXBuildFile; fileRef = 956100B221172D2300146C53 /* ViewController.swift */; };
		956100B621172D2300146C53 /* Main.storyboard in Resources */ = {isa = PBXBuildFile; fileRef = 956100B421172D2300146C53 /* Main.storyboard */; };
		956100B821172D2300146C53 /* Assets.xcassets in Resources */ = {isa = PBXBuildFile; fileRef = 956100B721172D2300146C53 /* Assets.xcassets */; };
		956100BB21172D2300146C53 /* LaunchScreen.storyboard in Resources */ = {isa = PBXBuildFile; fileRef = 956100B921172D2300146C53 /* LaunchScreen.storyboard */; };
		956100C621172D2300146C53 /* is_lunch_mapTests.swift in Sources */ = {isa = PBXBuildFile; fileRef = 956100C521172D2300146C53 /* is_lunch_mapTests.swift */; };
		956100D121172D2300146C53 /* is_lunch_mapUITests.swift in Sources */ = {isa = PBXBuildFile; fileRef = 956100D021172D2300146C53 /* is_lunch_mapUITests.swift */; };
/* End PBXBuildFile section */

/* Begin PBXContainerItemProxy section */
		956100C221172D2300146C53 /* PBXContainerItemProxy */ = {
			isa = PBXContainerItemProxy;
			containerPortal = 956100A521172D2200146C53 /* Project object */;
			proxyType = 1;
			remoteGlobalIDString = 956100AC21172D2200146C53;
			remoteInfo = is_lunch_map;
		};
		956100CD21172D2300146C53 /* PBXContainerItemProxy */ = {
			isa = PBXContainerItemProxy;
			containerPortal = 956100A521172D2200146C53 /* Project object */;
			proxyType = 1;
			remoteGlobalIDString = 956100AC21172D2200146C53;
			remoteInfo = is_lunch_map;
		};
/* End PBXContainerItemProxy section */

/* Begin PBXFileReference section */
		956100AD21172D2300146C53 /* is_lunch_map.app */ = {isa = PBXFileReference; explicitFileType = wrapper.application; includeInIndex = 0; path = is_lunch_map.app; sourceTree = BUILT_PRODUCTS_DIR; };
		956100B021172D2300146C53 /* AppDelegate.swift */ = {isa = PBXFileReference; lastKnownFileType = sourcecode.swift; path = AppDelegate.swift; sourceTree = "<group>"; };
		956100B221172D2300146C53 /* ViewController.swift */ = {isa = PBXFileReference; lastKnownFileType = sourcecode.swift; path = ViewController.swift; sourceTree = "<group>"; };
		956100B521172D2300146C53 /* Base */ = {isa = PBXFileReference; lastKnownFileType = file.storyboard; name = Base; path = Base.lproj/Main.storyboard; sourceTree = "<group>"; };
		956100B721172D2300146C53 /* Assets.xcassets */ = {isa = PBXFileReference; lastKnownFileType = folder.assetcatalog; path = Assets.xcassets; sourceTree = "<group>"; };
		956100BA21172D2300146C53 /* Base */ = {isa = PBXFileReference; lastKnownFileType = file.storyboard; name = Base; path = Base.lproj/LaunchScreen.storyboard; sourceTree = "<group>"; };
		956100BC21172D2300146C53 /* Info.plist */ = {isa = PBXFileReference; lastKnownFileType = text.plist.xml; path = Info.plist; sourceTree = "<group>"; };
		956100C121172D2300146C53 /* is_lunch_mapTests.xctest */ = {isa = PBXFileReference; explicitFileType = wrapper.cfbundle; includeInIndex = 0; path = is_lunch_mapTests.xctest; sourceTree = BUILT_PRODUCTS_DIR; };
		956100C521172D2300146C53 /* is_lunch_mapTests.swift */ = {isa = PBXFileReference; lastKnownFileType = sourcecode.swift; path = is_lunch_mapTests.swift; sourceTree = "<group>"; };
		956100C721172D2300146C53 /* Info.plist */ = {isa = PBXFileReference; lastKnownFileType = text.plist.xml; path = Info.plist; sourceTree = "<group>"; };
		956100CC21172D2300146C53 /* is_lunch_mapUITests.xctest */ = {isa = PBXFileReference; explicitFileType = wrapper.cfbundle; includeInIndex = 0; path = is_lunch_mapUITests.xctest; sourceTree = BUILT_PRODUCTS_DIR; };
		956100D021172D2300146C53 /* is_lunch_mapUITests.swift */ = {isa = PBXFileReference; lastKnownFileType = sourcecode.swift; path = is_lunch_mapUITests.swift; sourceTree = "<group>"; };
		956100D221172D2300146C53 /* Info.plist */ = {isa = PBXFileReference; lastKnownFileType = text.plist.xml; path = Info.plist; sourceTree = "<group>"; };
/* End PBXFileReference section */

/* Begin PBXFrameworksBuildPhase section */
		956100AA21172D2200146C53 /* Frameworks */ = {
			isa = PBXFrameworksBuildPhase;
			buildActionMask = 2147483647;
			files = (
			);
			runOnlyForDeploymentPostprocessing = 0;
		};
		956100BE21172D2300146C53 /* Frameworks */ = {
			isa = PBXFrameworksBuildPhase;
			buildActionMask = 2147483647;
			files = (
			);
			runOnlyForDeploymentPostprocessing = 0;
		};
		956100C921172D2300146C53 /* Frameworks */ = {
			isa = PBXFrameworksBuildPhase;
			buildActionMask = 2147483647;
			files = (
			);
			runOnlyForDeploymentPostprocessing = 0;
		};
/* End PBXFrameworksBuildPhase section */

/* Begin PBXGroup section */
		956100A421172D2200146C53 = {
			isa = PBXGroup;
			children = (
				956100AF21172D2300146C53 /* is_lunch_map */,
				956100C421172D2300146C53 /* is_lunch_mapTests */,
				956100CF21172D2300146C53 /* is_lunch_mapUITests */,
				956100AE21172D2300146C53 /* Products */,
			);
			sourceTree = "<group>";
		};
		956100AE21172D2300146C53 /* Products */ = {
			isa = PBXGroup;
			children = (
				956100AD21172D2300146C53 /* is_lunch_map.app */,
				956100C121172D2300146C53 /* is_lunch_mapTests.xctest */,
				956100CC21172D2300146C53 /* is_lunch_mapUITests.xctest */,
			);
			name = Products;
			sourceTree = "<group>";
		};
		956100AF21172D2300146C53 /* is_lunch_map */ = {
			isa = PBXGroup;
			children = (
				956100B021172D2300146C53 /* AppDelegate.swift */,
				956100B221172D2300146C53 /* ViewController.swift */,
				956100B421172D2300146C53 /* Main.storyboard */,
				956100B721172D2300146C53 /* Assets.xcassets */,
				956100B921172D2300146C53 /* LaunchScreen.storyboard */,
				956100BC21172D2300146C53 /* Info.plist */,
			);
			path = is_lunch_map;
			sourceTree = "<group>";
		};
		956100C421172D2300146C53 /* is_lunch_mapTests */ = {
			isa = PBXGroup;
			children = (
				956100C521172D2300146C53 /* is_lunch_mapTests.swift */,
				956100C721172D2300146C53 /* Info.plist */,
			);
			path = is_lunch_mapTests;
			sourceTree = "<group>";
		};
		956100CF21172D2300146C53 /* is_lunch_mapUITests */ = {
			isa = PBXGroup;
			children = (
				956100D021172D2300146C53 /* is_lunch_mapUITests.swift */,
				956100D221172D2300146C53 /* Info.plist */,
			);
			path = is_lunch_mapUITests;
			sourceTree = "<group>";
		};
/* End PBXGroup section */

/* Begin PBXNativeTarget section */
		956100AC21172D2200146C53 /* is_lunch_map */ = {
			isa = PBXNativeTarget;
			buildConfigurationList = 956100D521172D2300146C53 /* Build configuration list for PBXNativeTarget "is_lunch_map" */;
			buildPhases = (
				956100A921172D2200146C53 /* Sources */,
				956100AA21172D2200146C53 /* Frameworks */,
				956100AB21172D2200146C53 /* Resources */,
			);
			buildRules = (
			);
			dependencies = (
			);
			name = is_lunch_map;
			productName = is_lunch_map;
			productReference = 956100AD21172D2300146C53 /* is_lunch_map.app */;
			productType = "com.apple.product-type.application";
		};
		956100C021172D2300146C53 /* is_lunch_mapTests */ = {
			isa = PBXNativeTarget;
			buildConfigurationList = 956100D821172D2300146C53 /* Build configuration list for PBXNativeTarget "is_lunch_mapTests" */;
			buildPhases = (
				956100BD21172D2300146C53 /* Sources */,
				956100BE21172D2300146C53 /* Frameworks */,
				956100BF21172D2300146C53 /* Resources */,
			);
			buildRules = (
			);
			dependencies = (
				956100C321172D2300146C53 /* PBXTargetDependency */,
			);
			name = is_lunch_mapTests;
			productName = is_lunch_mapTests;
			productReference = 956100C121172D2300146C53 /* is_lunch_mapTests.xctest */;
			productType = "com.apple.product-type.bundle.unit-test";
		};
		956100CB21172D2300146C53 /* is_lunch_mapUITests */ = {
			isa = PBXNativeTarget;
			buildConfigurationList = 956100DB21172D2300146C53 /* Build configuration list for PBXNativeTarget "is_lunch_mapUITests" */;
			buildPhases = (
				956100C821172D2300146C53 /* Sources */,
				956100C921172D2300146C53 /* Frameworks */,
				956100CA21172D2300146C53 /* Resources */,
			);
			buildRules = (
			);
			dependencies = (
				956100CE21172D2300146C53 /* PBXTargetDependency */,
			);
			name = is_lunch_mapUITests;
			productName = is_lunch_mapUITests;
			productReference = 956100CC21172D2300146C53 /* is_lunch_mapUITests.xctest */;
			productType = "com.apple.product-type.bundle.ui-testing";
		};
/* End PBXNativeTarget section */

/* Begin PBXProject section */
		956100A521172D2200146C53 /* Project object */ = {
			isa = PBXProject;
			attributes = {
				LastSwiftUpdateCheck = 0920;
				LastUpgradeCheck = 0920;
				ORGANIZATIONNAME = yukit.Inc;
				TargetAttributes = {
					956100AC21172D2200146C53 = {
						CreatedOnToolsVersion = 9.2;
						ProvisioningStyle = Automatic;
					};
					956100C021172D2300146C53 = {
						CreatedOnToolsVersion = 9.2;
						ProvisioningStyle = Automatic;
						TestTargetID = 956100AC21172D2200146C53;
					};
					956100CB21172D2300146C53 = {
						CreatedOnToolsVersion = 9.2;
						ProvisioningStyle = Automatic;
						TestTargetID = 956100AC21172D2200146C53;
					};
				};
			};
			buildConfigurationList = 956100A821172D2200146C53 /* Build configuration list for PBXProject "is_lunch_map" */;
			compatibilityVersion = "Xcode 8.0";
			developmentRegion = en;
			hasScannedForEncodings = 0;
			knownRegions = (
				en,
				Base,
			);
			mainGroup = 956100A421172D2200146C53;
			productRefGroup = 956100AE21172D2300146C53 /* Products */;
			projectDirPath = "";
			projectRoot = "";
			targets = (
				956100AC21172D2200146C53 /* is_lunch_map */,
				956100C021172D2300146C53 /* is_lunch_mapTests */,
				956100CB21172D2300146C53 /* is_lunch_mapUITests */,
			);
		};
/* End PBXProject section */

/* Begin PBXResourcesBuildPhase section */
		956100AB21172D2200146C53 /* Resources */ = {
			isa = PBXResourcesBuildPhase;
			buildActionMask = 2147483647;
			files = (
				956100BB21172D2300146C53 /* LaunchScreen.storyboard in Resources */,
				956100B821172D2300146C53 /* Assets.xcassets in Resources */,
				956100B621172D2300146C53 /* Main.storyboard in Resources */,
			);
			runOnlyForDeploymentPostprocessing = 0;
		};
		956100BF21172D2300146C53 /* Resources */ = {
			isa = PBXResourcesBuildPhase;
			buildActionMask = 2147483647;
			files = (
			);
			runOnlyForDeploymentPostprocessing = 0;
		};
		956100CA21172D2300146C53 /* Resources */ = {
			isa = PBXResourcesBuildPhase;
			buildActionMask = 2147483647;
			files = (
			);
			runOnlyForDeploymentPostprocessing = 0;
		};
/* End PBXResourcesBuildPhase section */

/* Begin PBXSourcesBuildPhase section */
		956100A921172D2200146C53 /* Sources */ = {
			isa = PBXSourcesBuildPhase;
			buildActionMask = 2147483647;
			files = (
				956100B321172D2300146C53 /* ViewController.swift in Sources */,
				956100B121172D2300146C53 /* AppDelegate.swift in Sources */,
			);
			runOnlyForDeploymentPostprocessing = 0;
		};
		956100BD21172D2300146C53 /* Sources */ = {
			isa = PBXSourcesBuildPhase;
			buildActionMask = 2147483647;
			files = (
				956100C621172D2300146C53 /* is_lunch_mapTests.swift in Sources */,
			);
			runOnlyForDeploymentPostprocessing = 0;
		};
		956100C821172D2300146C53 /* Sources */ = {
			isa = PBXSourcesBuildPhase;
			buildActionMask = 2147483647;
			files = (
				956100D121172D2300146C53 /* is_lunch_mapUITests.swift in Sources */,
			);
			runOnlyForDeploymentPostprocessing = 0;
		};
/* End PBXSourcesBuildPhase section */

/* Begin PBXTargetDependency section */
		956100C321172D2300146C53 /* PBXTargetDependency */ = {
			isa = PBXTargetDependency;
			target = 956100AC21172D2200146C53 /* is_lunch_map */;
			targetProxy = 956100C221172D2300146C53 /* PBXContainerItemProxy */;
		};
		956100CE21172D2300146C53 /* PBXTargetDependency */ = {
			isa = PBXTargetDependency;
			target = 956100AC21172D2200146C53 /* is_lunch_map */;
			targetProxy = 956100CD21172D2300146C53 /* PBXContainerItemProxy */;
		};
/* End PBXTargetDependency section */

/* Begin PBXVariantGroup section */
		956100B421172D2300146C53 /* Main.storyboard */ = {
			isa = PBXVariantGroup;
			children = (
				956100B521172D2300146C53 /* Base */,
			);
			name = Main.storyboard;
			sourceTree = "<group>";
		};
		956100B921172D2300146C53 /* LaunchScreen.storyboard */ = {
			isa = PBXVariantGroup;
			children = (
				956100BA21172D2300146C53 /* Base */,
			);
			name = LaunchScreen.storyboard;
			sourceTree = "<group>";
		};
/* End PBXVariantGroup section */

/* Begin XCBuildConfiguration section */
		956100D321172D2300146C53 /* Debug */ = {
			isa = XCBuildConfiguration;
			buildSettings = {
				ALWAYS_SEARCH_USER_PATHS = NO;
				CLANG_ANALYZER_NONNULL = YES;
				CLANG_ANALYZER_NUMBER_OBJECT_CONVERSION = YES_AGGRESSIVE;
				CLANG_CXX_LANGUAGE_STANDARD = "gnu++14";
				CLANG_CXX_LIBRARY = "libc++";
				CLANG_ENABLE_MODULES = YES;
				CLANG_ENABLE_OBJC_ARC = YES;
				CLANG_WARN_BLOCK_CAPTURE_AUTORELEASING = YES;
				CLANG_WARN_BOOL_CONVERSION = YES;
				CLANG_WARN_COMMA = YES;
				CLANG_WARN_CONSTANT_CONVERSION = YES;
				CLANG_WARN_DIRECT_OBJC_ISA_USAGE = YES_ERROR;
				CLANG_WARN_DOCUMENTATION_COMMENTS = YES;
				CLANG_WARN_EMPTY_BODY = YES;
				CLANG_WARN_ENUM_CONVERSION = YES;
				CLANG_WARN_INFINITE_RECURSION = YES;
				CLANG_WARN_INT_CONVERSION = YES;
				CLANG_WARN_NON_LITERAL_NULL_CONVERSION = YES;
				CLANG_WARN_OBJC_LITERAL_CONVERSION = YES;
				CLANG_WARN_OBJC_ROOT_CLASS = YES_ERROR;
				CLANG_WARN_RANGE_LOOP_ANALYSIS = YES;
				CLANG_WARN_STRICT_PROTOTYPES = YES;
				CLANG_WARN_SUSPICIOUS_MOVE = YES;
				CLANG_WARN_UNGUARDED_AVAILABILITY = YES_AGGRESSIVE;
				CLANG_WARN_UNREACHABLE_CODE = YES;
				CLANG_WARN__DUPLICATE_METHOD_MATCH = YES;
				CODE_SIGN_IDENTITY = "iPhone Developer";
				COPY_PHASE_STRIP = NO;
				DEBUG_INFORMATION_FORMAT = dwarf;
				ENABLE_STRICT_OBJC_MSGSEND = YES;
				ENABLE_TESTABILITY = YES;
				GCC_C_LANGUAGE_STANDARD = gnu11;
				GCC_DYNAMIC_NO_PIC = NO;
				GCC_NO_COMMON_BLOCKS = YES;
				GCC_OPTIMIZATION_LEVEL = 0;
				GCC_PREPROCESSOR_DEFINITIONS = (
					"DEBUG=1",
					"$(inherited)",
				);
				GCC_WARN_64_TO_32_BIT_CONVERSION = YES;
				GCC_WARN_ABOUT_RETURN_TYPE = YES_ERROR;
				GCC_WARN_UNDECLARED_SELECTOR = YES;
				GCC_WARN_UNINITIALIZED_AUTOS = YES_AGGRESSIVE;
				GCC_WARN_UNUSED_FUNCTION = YES;
				GCC_WARN_UNUSED_VARIABLE = YES;
				IPHONEOS_DEPLOYMENT_TARGET = 11.2;
				MTL_ENABLE_DEBUG_INFO = YES;
				ONLY_ACTIVE_ARCH = YES;
				SDKROOT = iphoneos;
				SWIFT_ACTIVE_COMPILATION_CONDITIONS = DEBUG;
				SWIFT_OPTIMIZATION_LEVEL = "-Onone";
			};
			name = Debug;
		};
		956100D421172D2300146C53 /* Release */ = {
			isa = XCBuildConfiguration;
			buildSettings = {
				ALWAYS_SEARCH_USER_PATHS = NO;
				CLANG_ANALYZER_NONNULL = YES;
				CLANG_ANALYZER_NUMBER_OBJECT_CONVERSION = YES_AGGRESSIVE;
				CLANG_CXX_LANGUAGE_STANDARD = "gnu++14";
				CLANG_CXX_LIBRARY = "libc++";
				CLANG_ENABLE_MODULES = YES;
				CLANG_ENABLE_OBJC_ARC = YES;
				CLANG_WARN_BLOCK_CAPTURE_AUTORELEASING = YES;
				CLANG_WARN_BOOL_CONVERSION = YES;
				CLANG_WARN_COMMA = YES;
				CLANG_WARN_CONSTANT_CONVERSION = YES;
				CLANG_WARN_DIRECT_OBJC_ISA_USAGE = YES_ERROR;
				CLANG_WARN_DOCUMENTATION_COMMENTS = YES;
				CLANG_WARN_EMPTY_BODY = YES;
				CLANG_WARN_ENUM_CONVERSION = YES;
				CLANG_WARN_INFINITE_RECURSION = YES;
				CLANG_WARN_INT_CONVERSION = YES;
				CLANG_WARN_NON_LITERAL_NULL_CONVERSION = YES;
				CLANG_WARN_OBJC_LITERAL_CONVERSION = YES;
				CLANG_WARN_OBJC_ROOT_CLASS = YES_ERROR;
				CLANG_WARN_RANGE_LOOP_ANALYSIS = YES;
				CLANG_WARN_STRICT_PROTOTYPES = YES;
				CLANG_WARN_SUSPICIOUS_MOVE = YES;
				CLANG_WARN_UNGUARDED_AVAILABILITY = YES_AGGRESSIVE;
				CLANG_WARN_UNREACHABLE_CODE = YES;
				CLANG_WARN__DUPLICATE_METHOD_MATCH = YES;
				CODE_SIGN_IDENTITY = "iPhone Developer";
				COPY_PHASE_STRIP = NO;
				DEBUG_INFORMATION_FORMAT = "dwarf-with-dsym";
				ENABLE_NS_ASSERTIONS = NO;
				ENABLE_STRICT_OBJC_MSGSEND = YES;
				GCC_C_LANGUAGE_STANDARD = gnu11;
				GCC_NO_COMMON_BLOCKS = YES;
				GCC_WARN_64_TO_32_BIT_CONVERSION = YES;
				GCC_WARN_ABOUT_RETURN_TYPE = YES_ERROR;
				GCC_WARN_UNDECLARED_SELECTOR = YES;
				GCC_WARN_UNINITIALIZED_AUTOS = YES_AGGRESSIVE;
				GCC_WARN_UNUSED_FUNCTION = YES;
				GCC_WARN_UNUSED_VARIABLE = YES;
				IPHONEOS_DEPLOYMENT_TARGET = 11.2;
				MTL_ENABLE_DEBUG_INFO = NO;
				SDKROOT = iphoneos;
				SWIFT_OPTIMIZATION_LEVEL = "-Owholemodule";
				VALIDATE_PRODUCT = YES;
			};
			name = Release;
		};
		956100D621172D2300146C53 /* Debug */ = {
			isa = XCBuildConfiguration;
			buildSettings = {
				ASSETCATALOG_COMPILER_APPICON_NAME = AppIcon;
				CODE_SIGN_STYLE = Automatic;
				DEVELOPMENT_TEAM = E5GDSPRCHD;
				INFOPLIST_FILE = is_lunch_map/Info.plist;
				LD_RUNPATH_SEARCH_PATHS = "$(inherited) @executable_path/Frameworks";
				PRODUCT_BUNDLE_IDENTIFIER = "com.is.yukit.is-lunch-map";
				PRODUCT_NAME = "$(TARGET_NAME)";
				SWIFT_VERSION = 4.0;
				TARGETED_DEVICE_FAMILY = "1,2";
			};
			name = Debug;
		};
		956100D721172D2300146C53 /* Release */ = {
			isa = XCBuildConfiguration;
			buildSettings = {
				ASSETCATALOG_COMPILER_APPICON_NAME = AppIcon;
				CODE_SIGN_STYLE = Automatic;
				DEVELOPMENT_TEAM = E5GDSPRCHD;
				INFOPLIST_FILE = is_lunch_map/Info.plist;
				LD_RUNPATH_SEARCH_PATHS = "$(inherited) @executable_path/Frameworks";
				PRODUCT_BUNDLE_IDENTIFIER = "com.is.yukit.is-lunch-map";
				PRODUCT_NAME = "$(TARGET_NAME)";
				SWIFT_VERSION = 4.0;
				TARGETED_DEVICE_FAMILY = "1,2";
			};
			name = Release;
		};
		956100D921172D2300146C53 /* Debug */ = {
			isa = XCBuildConfiguration;
			buildSettings = {
				ALWAYS_EMBED_SWIFT_STANDARD_LIBRARIES = YES;
				BUNDLE_LOADER = "$(TEST_HOST)";
				CODE_SIGN_STYLE = Automatic;
				DEVELOPMENT_TEAM = E5GDSPRCHD;
				INFOPLIST_FILE = is_lunch_mapTests/Info.plist;
				LD_RUNPATH_SEARCH_PATHS = "$(inherited) @executable_path/Frameworks @loader_path/Frameworks";
				PRODUCT_BUNDLE_IDENTIFIER = "com.is.yukit.is-lunch-mapTests";
				PRODUCT_NAME = "$(TARGET_NAME)";
				SWIFT_VERSION = 4.0;
				TARGETED_DEVICE_FAMILY = "1,2";
				TEST_HOST = "$(BUILT_PRODUCTS_DIR)/is_lunch_map.app/is_lunch_map";
			};
			name = Debug;
		};
		956100DA21172D2300146C53 /* Release */ = {
			isa = XCBuildConfiguration;
			buildSettings = {
				ALWAYS_EMBED_SWIFT_STANDARD_LIBRARIES = YES;
				BUNDLE_LOADER = "$(TEST_HOST)";
				CODE_SIGN_STYLE = Automatic;
				DEVELOPMENT_TEAM = E5GDSPRCHD;
				INFOPLIST_FILE = is_lunch_mapTests/Info.plist;
				LD_RUNPATH_SEARCH_PATHS = "$(inherited) @executable_path/Frameworks @loader_path/Frameworks";
				PRODUCT_BUNDLE_IDENTIFIER = "com.is.yukit.is-lunch-mapTests";
				PRODUCT_NAME = "$(TARGET_NAME)";
				SWIFT_VERSION = 4.0;
				TARGETED_DEVICE_FAMILY = "1,2";
				TEST_HOST = "$(BUILT_PRODUCTS_DIR)/is_lunch_map.app/is_lunch_map";
			};
			name = Release;
		};
		956100DC21172D2300146C53 /* Debug */ = {
			isa = XCBuildConfiguration;
			buildSettings = {
				ALWAYS_EMBED_SWIFT_STANDARD_LIBRARIES = YES;
				CODE_SIGN_STYLE = Automatic;
				DEVELOPMENT_TEAM = E5GDSPRCHD;
				INFOPLIST_FILE = is_lunch_mapUITests/Info.plist;
				LD_RUNPATH_SEARCH_PATHS = "$(inherited) @executable_path/Frameworks @loader_path/Frameworks";
				PRODUCT_BUNDLE_IDENTIFIER = "com.is.yukit.is-lunch-mapUITests";
				PRODUCT_NAME = "$(TARGET_NAME)";
				SWIFT_VERSION = 4.0;
				TARGETED_DEVICE_FAMILY = "1,2";
				TEST_TARGET_NAME = is_lunch_map;
			};
			name = Debug;
		};
		956100DD21172D2300146C53 /* Release */ = {
			isa = XCBuildConfiguration;
			buildSettings = {
				ALWAYS_EMBED_SWIFT_STANDARD_LIBRARIES = YES;
				CODE_SIGN_STYLE = Automatic;
				DEVELOPMENT_TEAM = E5GDSPRCHD;
				INFOPLIST_FILE = is_lunch_mapUITests/Info.plist;
				LD_RUNPATH_SEARCH_PATHS = "$(inherited) @executable_path/Frameworks @loader_path/Frameworks";
				PRODUCT_BUNDLE_IDENTIFIER = "com.is.yukit.is-lunch-mapUITests";
				PRODUCT_NAME = "$(TARGET_NAME)";
				SWIFT_VERSION = 4.0;
				TARGETED_DEVICE_FAMILY = "1,2";
				TEST_TARGET_NAME = is_lunch_map;
			};
			name = Release;
		};
/* End XCBuildConfiguration section */

/* Begin XCConfigurationList section */
		956100A821172D2200146C53 /* Build configuration list for PBXProject "is_lunch_map" */ = {
			isa = XCConfigurationList;
			buildConfigurations = (
				956100D321172D2300146C53 /* Debug */,
				956100D421172D2300146C53 /* Release */,
			);
			defaultConfigurationIsVisible = 0;
			defaultConfigurationName = Release;
		};
		956100D521172D2300146C53 /* Build configuration list for PBXNativeTarget "is_lunch_map" */ = {
			isa = XCConfigurationList;
			buildConfigurations = (
				956100D621172D2300146C53 /* Debug */,
				956100D721172D2300146C53 /* Release */,
			);
			defaultConfigurationIsVisible = 0;
			defaultConfigurationName = Release;
		};
		956100D821172D2300146C53 /* Build configuration list for PBXNativeTarget "is_lunch_mapTests" */ = {
			isa = XCConfigurationList;
			buildConfigurations = (
				956100D921172D2300146C53 /* Debug */,
				956100DA21172D2300146C53 /* Release */,
			);
			defaultConfigurationIsVisible = 0;
			defaultConfigurationName = Release;
		};
		956100DB21172D2300146C53 /* Build configuration list for PBXNativeTarget "is_lunch_mapUITests" */ = {
			isa = XCConfigurationList;
			buildConfigurations = (
				956100DC21172D2300146C53 /* Debug */,
				956100DD21172D2300146C53 /* Release */,
			);
			defaultConfigurationIsVisible = 0;
			defaultConfigurationName = Release;
		};
/* End XCConfigurationList section */
	};
	rootObject = 956100A521172D2200146C53 /* Project object */;
}
