// !$*UTF8*$!
{
	archiveVersion = 1;
	classes = {
	};
	objectVersion = 48;
	objects = {

/* Begin PBXBuildFile section */
		16EC0E216A2F504E8687D75B /* Pods_is_lunch_mapTests.framework in Frameworks */ = {isa = PBXBuildFile; fileRef = 114F765759D00092CE9B70AD /* Pods_is_lunch_mapTests.framework */; };
		1EFC21FB3549374BE89F6B1B /* Pods_is_lunch_map.framework in Frameworks */ = {isa = PBXBuildFile; fileRef = 574047A02DF0DAB9E4C19D46 /* Pods_is_lunch_map.framework */; };
		956100B121172D2300146C53 /* AppDelegate.swift in Sources */ = {isa = PBXBuildFile; fileRef = 956100B021172D2300146C53 /* AppDelegate.swift */; };
		956100B621172D2300146C53 /* Main.storyboard in Resources */ = {isa = PBXBuildFile; fileRef = 956100B421172D2300146C53 /* Main.storyboard */; };
		956100B821172D2300146C53 /* Assets.xcassets in Resources */ = {isa = PBXBuildFile; fileRef = 956100B721172D2300146C53 /* Assets.xcassets */; };
		956100BB21172D2300146C53 /* LaunchScreen.storyboard in Resources */ = {isa = PBXBuildFile; fileRef = 956100B921172D2300146C53 /* LaunchScreen.storyboard */; };
		956100C621172D2300146C53 /* is_lunch_mapTests.swift in Sources */ = {isa = PBXBuildFile; fileRef = 956100C521172D2300146C53 /* is_lunch_mapTests.swift */; };
		956100D121172D2300146C53 /* is_lunch_mapUITests.swift in Sources */ = {isa = PBXBuildFile; fileRef = 956100D021172D2300146C53 /* is_lunch_mapUITests.swift */; };
		956100DF2117334000146C53 /* RestaurantListViewController.swift in Sources */ = {isa = PBXBuildFile; fileRef = 956100DE2117334000146C53 /* RestaurantListViewController.swift */; };
		E6EB5BC548D1886D97ADAD82 /* Pods_is_lunch_mapUITests.framework in Frameworks */ = {isa = PBXBuildFile; fileRef = C58E5FB12F8FF07F6016EED7 /* Pods_is_lunch_mapUITests.framework */; };
/* End PBXBuildFile section */

/* Begin PBXContainerItemProxy section */
		956100C221172D2300146C53 /* PBXContainerItemProxy */ = {
			isa = PBXContainerItemProxy;
			containerPortal = 956100A521172D2200146C53 /* Project object */;
			proxyType = 1;
			remoteGlobalIDString = 956100AC21172D2200146C53;
			remoteInfo = is_lunch_map;
		};
		956100CD21172D2300146C53 /* PBXContainerItemProxy */ = {
			isa = PBXContainerItemProxy;
			containerPortal = 956100A521172D2200146C53 /* Project object */;
			proxyType = 1;
			remoteGlobalIDString = 956100AC21172D2200146C53;
			remoteInfo = is_lunch_map;
		};
/* End PBXContainerItemProxy section */

/* Begin PBXFileReference section */
		114F765759D00092CE9B70AD /* Pods_is_lunch_mapTests.framework */ = {isa = PBXFileReference; explicitFileType = wrapper.framework; includeInIndex = 0; path = Pods_is_lunch_mapTests.framework; sourceTree = BUILT_PRODUCTS_DIR; };
		45FA930B4EB8FCBEF81EF7E4 /* Pods-is_lunch_mapTests.release.xcconfig */ = {isa = PBXFileReference; includeInIndex = 1; lastKnownFileType = text.xcconfig; name = "Pods-is_lunch_mapTests.release.xcconfig"; path = "Pods/Target Support Files/Pods-is_lunch_mapTests/Pods-is_lunch_mapTests.release.xcconfig"; sourceTree = "<group>"; };
		4896D2AD6DE8F823201EC53A /* Pods-is_lunch_mapUITests.debug.xcconfig */ = {isa = PBXFileReference; includeInIndex = 1; lastKnownFileType = text.xcconfig; name = "Pods-is_lunch_mapUITests.debug.xcconfig"; path = "Pods/Target Support Files/Pods-is_lunch_mapUITests/Pods-is_lunch_mapUITests.debug.xcconfig"; sourceTree = "<group>"; };
		538595429881C1F1B72E1A91 /* Pods-is_lunch_mapTests.debug.xcconfig */ = {isa = PBXFileReference; includeInIndex = 1; lastKnownFileType = text.xcconfig; name = "Pods-is_lunch_mapTests.debug.xcconfig"; path = "Pods/Target Support Files/Pods-is_lunch_mapTests/Pods-is_lunch_mapTests.debug.xcconfig"; sourceTree = "<group>"; };
		574047A02DF0DAB9E4C19D46 /* Pods_is_lunch_map.framework */ = {isa = PBXFileReference; explicitFileType = wrapper.framework; includeInIndex = 0; path = Pods_is_lunch_map.framework; sourceTree = BUILT_PRODUCTS_DIR; };
		956100AD21172D2300146C53 /* is_lunch_map.app */ = {isa = PBXFileReference; explicitFileType = wrapper.application; includeInIndex = 0; path = is_lunch_map.app; sourceTree = BUILT_PRODUCTS_DIR; };
		956100B021172D2300146C53 /* AppDelegate.swift */ = {isa = PBXFileReference; lastKnownFileType = sourcecode.swift; path = AppDelegate.swift; sourceTree = "<group>"; };
		956100B521172D2300146C53 /* Base */ = {isa = PBXFileReference; lastKnownFileType = file.storyboard; name = Base; path = Base.lproj/Main.storyboard; sourceTree = "<group>"; };
		956100B721172D2300146C53 /* Assets.xcassets */ = {isa = PBXFileReference; lastKnownFileType = folder.assetcatalog; path = Assets.xcassets; sourceTree = "<group>"; };
		956100BA21172D2300146C53 /* Base */ = {isa = PBXFileReference; lastKnownFileType = file.storyboard; name = Base; path = Base.lproj/LaunchScreen.storyboard; sourceTree = "<group>"; };
		956100BC21172D2300146C53 /* Info.plist */ = {isa = PBXFileReference; lastKnownFileType = text.plist.xml; path = Info.plist; sourceTree = "<group>"; };
		956100C121172D2300146C53 /* is_lunch_mapTests.xctest */ = {isa = PBXFileReference; explicitFileType = wrapper.cfbundle; includeInIndex = 0; path = is_lunch_mapTests.xctest; sourceTree = BUILT_PRODUCTS_DIR; };
		956100C521172D2300146C53 /* is_lunch_mapTests.swift */ = {isa = PBXFileReference; lastKnownFileType = sourcecode.swift; path = is_lunch_mapTests.swift; sourceTree = "<group>"; };
		956100C721172D2300146C53 /* Info.plist */ = {isa = PBXFileReference; lastKnownFileType = text.plist.xml; path = Info.plist; sourceTree = "<group>"; };
		956100CC21172D2300146C53 /* is_lunch_mapUITests.xctest */ = {isa = PBXFileReference; explicitFileType = wrapper.cfbundle; includeInIndex = 0; path = is_lunch_mapUITests.xctest; sourceTree = BUILT_PRODUCTS_DIR; };
		956100D021172D2300146C53 /* is_lunch_mapUITests.swift */ = {isa = PBXFileReference; lastKnownFileType = sourcecode.swift; path = is_lunch_mapUITests.swift; sourceTree = "<group>"; };
		956100D221172D2300146C53 /* Info.plist */ = {isa = PBXFileReference; lastKnownFileType = text.plist.xml; path = Info.plist; sourceTree = "<group>"; };
		956100DE2117334000146C53 /* RestaurantListViewController.swift */ = {isa = PBXFileReference; lastKnownFileType = sourcecode.swift; path = RestaurantListViewController.swift; sourceTree = "<group>"; };
		96019DD731C08C32E88D4BF8 /* Pods-is_lunch_mapUITests.release.xcconfig */ = {isa = PBXFileReference; includeInIndex = 1; lastKnownFileType = text.xcconfig; name = "Pods-is_lunch_mapUITests.release.xcconfig"; path = "Pods/Target Support Files/Pods-is_lunch_mapUITests/Pods-is_lunch_mapUITests.release.xcconfig"; sourceTree = "<group>"; };
		B5DB06071EDAA3F6A63D90F8 /* Pods-is_lunch_map.debug.xcconfig */ = {isa = PBXFileReference; includeInIndex = 1; lastKnownFileType = text.xcconfig; name = "Pods-is_lunch_map.debug.xcconfig"; path = "Pods/Target Support Files/Pods-is_lunch_map/Pods-is_lunch_map.debug.xcconfig"; sourceTree = "<group>"; };
		C58E5FB12F8FF07F6016EED7 /* Pods_is_lunch_mapUITests.framework */ = {isa = PBXFileReference; explicitFileType = wrapper.framework; includeInIndex = 0; path = Pods_is_lunch_mapUITests.framework; sourceTree = BUILT_PRODUCTS_DIR; };
		D8537FB5BB51CEC345B2C700 /* Pods-is_lunch_map.release.xcconfig */ = {isa = PBXFileReference; includeInIndex = 1; lastKnownFileType = text.xcconfig; name = "Pods-is_lunch_map.release.xcconfig"; path = "Pods/Target Support Files/Pods-is_lunch_map/Pods-is_lunch_map.release.xcconfig"; sourceTree = "<group>"; };
/* End PBXFileReference section */

/* Begin PBXFrameworksBuildPhase section */
		956100AA21172D2200146C53 /* Frameworks */ = {
			isa = PBXFrameworksBuildPhase;
			buildActionMask = 2147483647;
			files = (
				1EFC21FB3549374BE89F6B1B /* Pods_is_lunch_map.framework in Frameworks */,
			);
			runOnlyForDeploymentPostprocessing = 0;
		};
		956100BE21172D2300146C53 /* Frameworks */ = {
			isa = PBXFrameworksBuildPhase;
			buildActionMask = 2147483647;
			files = (
				16EC0E216A2F504E8687D75B /* Pods_is_lunch_mapTests.framework in Frameworks */,
			);
			runOnlyForDeploymentPostprocessing = 0;
		};
		956100C921172D2300146C53 /* Frameworks */ = {
			isa = PBXFrameworksBuildPhase;
			buildActionMask = 2147483647;
			files = (
				E6EB5BC548D1886D97ADAD82 /* Pods_is_lunch_mapUITests.framework in Frameworks */,
			);
			runOnlyForDeploymentPostprocessing = 0;
		};
/* End PBXFrameworksBuildPhase section */

/* Begin PBXGroup section */
		23578ED00954E1F07E9D480C /* Frameworks */ = {
			isa = PBXGroup;
			children = (
				574047A02DF0DAB9E4C19D46 /* Pods_is_lunch_map.framework */,
				114F765759D00092CE9B70AD /* Pods_is_lunch_mapTests.framework */,
				C58E5FB12F8FF07F6016EED7 /* Pods_is_lunch_mapUITests.framework */,
			);
			name = Frameworks;
			sourceTree = "<group>";
		};
		956100A421172D2200146C53 = {
			isa = PBXGroup;
			children = (
				956100AF21172D2300146C53 /* is_lunch_map */,
				956100C421172D2300146C53 /* is_lunch_mapTests */,
				956100CF21172D2300146C53 /* is_lunch_mapUITests */,
				956100AE21172D2300146C53 /* Products */,
				A665F9575646FDC638F45462 /* Pods */,
				23578ED00954E1F07E9D480C /* Frameworks */,
			);
			sourceTree = "<group>";
		};
		956100AE21172D2300146C53 /* Products */ = {
			isa = PBXGroup;
			children = (
				956100AD21172D2300146C53 /* is_lunch_map.app */,
				956100C121172D2300146C53 /* is_lunch_mapTests.xctest */,
				956100CC21172D2300146C53 /* is_lunch_mapUITests.xctest */,
			);
			name = Products;
			sourceTree = "<group>";
		};
		956100AF21172D2300146C53 /* is_lunch_map */ = {
			isa = PBXGroup;
			children = (
				956100B021172D2300146C53 /* AppDelegate.swift */,
				956100DE2117334000146C53 /* RestaurantListViewController.swift */,
				956100B421172D2300146C53 /* Main.storyboard */,
				956100B721172D2300146C53 /* Assets.xcassets */,
				956100B921172D2300146C53 /* LaunchScreen.storyboard */,
				956100BC21172D2300146C53 /* Info.plist */,
			);
			path = is_lunch_map;
			sourceTree = "<group>";
		};
		956100C421172D2300146C53 /* is_lunch_mapTests */ = {
			isa = PBXGroup;
			children = (
				956100C521172D2300146C53 /* is_lunch_mapTests.swift */,
				956100C721172D2300146C53 /* Info.plist */,
			);
			path = is_lunch_mapTests;
			sourceTree = "<group>";
		};
		956100CF21172D2300146C53 /* is_lunch_mapUITests */ = {
			isa = PBXGroup;
			children = (
				956100D021172D2300146C53 /* is_lunch_mapUITests.swift */,
				956100D221172D2300146C53 /* Info.plist */,
			);
			path = is_lunch_mapUITests;
			sourceTree = "<group>";
		};
		A665F9575646FDC638F45462 /* Pods */ = {
			isa = PBXGroup;
			children = (
				B5DB06071EDAA3F6A63D90F8 /* Pods-is_lunch_map.debug.xcconfig */,
				D8537FB5BB51CEC345B2C700 /* Pods-is_lunch_map.release.xcconfig */,
				538595429881C1F1B72E1A91 /* Pods-is_lunch_mapTests.debug.xcconfig */,
				45FA930B4EB8FCBEF81EF7E4 /* Pods-is_lunch_mapTests.release.xcconfig */,
				4896D2AD6DE8F823201EC53A /* Pods-is_lunch_mapUITests.debug.xcconfig */,
				96019DD731C08C32E88D4BF8 /* Pods-is_lunch_mapUITests.release.xcconfig */,
			);
			name = Pods;
			sourceTree = "<group>";
		};
/* End PBXGroup section */

/* Begin PBXNativeTarget section */
		956100AC21172D2200146C53 /* is_lunch_map */ = {
			isa = PBXNativeTarget;
			buildConfigurationList = 956100D521172D2300146C53 /* Build configuration list for PBXNativeTarget "is_lunch_map" */;
			buildPhases = (
				C01327B19FE542729C57253F /* [CP] Check Pods Manifest.lock */,
				956100A921172D2200146C53 /* Sources */,
				956100AA21172D2200146C53 /* Frameworks */,
				956100AB21172D2200146C53 /* Resources */,
				DCA626F404584CC5679CA7DB /* [CP] Embed Pods Frameworks */,
			);
			buildRules = (
			);
			dependencies = (
			);
			name = is_lunch_map;
			productName = is_lunch_map;
			productReference = 956100AD21172D2300146C53 /* is_lunch_map.app */;
			productType = "com.apple.product-type.application";
		};
		956100C021172D2300146C53 /* is_lunch_mapTests */ = {
			isa = PBXNativeTarget;
			buildConfigurationList = 956100D821172D2300146C53 /* Build configuration list for PBXNativeTarget "is_lunch_mapTests" */;
			buildPhases = (
				B88728C20BBBFA6E93573E72 /* [CP] Check Pods Manifest.lock */,
				956100BD21172D2300146C53 /* Sources */,
				956100BE21172D2300146C53 /* Frameworks */,
				956100BF21172D2300146C53 /* Resources */,
				8A71E4B51A9E6495AB499348 /* [CP] Embed Pods Frameworks */,
			);
			buildRules = (
			);
			dependencies = (
				956100C321172D2300146C53 /* PBXTargetDependency */,
			);
			name = is_lunch_mapTests;
			productName = is_lunch_mapTests;
			productReference = 956100C121172D2300146C53 /* is_lunch_mapTests.xctest */;
			productType = "com.apple.product-type.bundle.unit-test";
		};
		956100CB21172D2300146C53 /* is_lunch_mapUITests */ = {
			isa = PBXNativeTarget;
			buildConfigurationList = 956100DB21172D2300146C53 /* Build configuration list for PBXNativeTarget "is_lunch_mapUITests" */;
			buildPhases = (
				0D4DC943803BA96C4478C8F7 /* [CP] Check Pods Manifest.lock */,
				956100C821172D2300146C53 /* Sources */,
				956100C921172D2300146C53 /* Frameworks */,
				956100CA21172D2300146C53 /* Resources */,
			);
			buildRules = (
			);
			dependencies = (
				956100CE21172D2300146C53 /* PBXTargetDependency */,
			);
			name = is_lunch_mapUITests;
			productName = is_lunch_mapUITests;
			productReference = 956100CC21172D2300146C53 /* is_lunch_mapUITests.xctest */;
			productType = "com.apple.product-type.bundle.ui-testing";
		};
/* End PBXNativeTarget section */

/* Begin PBXProject section */
		956100A521172D2200146C53 /* Project object */ = {
			isa = PBXProject;
			attributes = {
				LastSwiftUpdateCheck = 0920;
				LastUpgradeCheck = 0920;
				ORGANIZATIONNAME = yukit.Inc;
				TargetAttributes = {
					956100AC21172D2200146C53 = {
						CreatedOnToolsVersion = 9.2;
						ProvisioningStyle = Automatic;
					};
					956100C021172D2300146C53 = {
						CreatedOnToolsVersion = 9.2;
						ProvisioningStyle = Automatic;
						TestTargetID = 956100AC21172D2200146C53;
					};
					956100CB21172D2300146C53 = {
						CreatedOnToolsVersion = 9.2;
						ProvisioningStyle = Automatic;
						TestTargetID = 956100AC21172D2200146C53;
					};
				};
			};
			buildConfigurationList = 956100A821172D2200146C53 /* Build configuration list for PBXProject "is_lunch_map" */;
			compatibilityVersion = "Xcode 8.0";
			developmentRegion = en;
			hasScannedForEncodings = 0;
			knownRegions = (
				en,
				Base,
			);
			mainGroup = 956100A421172D2200146C53;
			productRefGroup = 956100AE21172D2300146C53 /* Products */;
			projectDirPath = "";
			projectRoot = "";
			targets = (
				956100AC21172D2200146C53 /* is_lunch_map */,
				956100C021172D2300146C53 /* is_lunch_mapTests */,
				956100CB21172D2300146C53 /* is_lunch_mapUITests */,
			);
		};
/* End PBXProject section */

/* Begin PBXResourcesBuildPhase section */
		956100AB21172D2200146C53 /* Resources */ = {
			isa = PBXResourcesBuildPhase;
			buildActionMask = 2147483647;
			files = (
				956100BB21172D2300146C53 /* LaunchScreen.storyboard in Resources */,
				956100B821172D2300146C53 /* Assets.xcassets in Resources */,
				956100B621172D2300146C53 /* Main.storyboard in Resources */,
			);
			runOnlyForDeploymentPostprocessing = 0;
		};
		956100BF21172D2300146C53 /* Resources */ = {
			isa = PBXResourcesBuildPhase;
			buildActionMask = 2147483647;
			files = (
			);
			runOnlyForDeploymentPostprocessing = 0;
		};
		956100CA21172D2300146C53 /* Resources */ = {
			isa = PBXResourcesBuildPhase;
			buildActionMask = 2147483647;
			files = (
			);
			runOnlyForDeploymentPostprocessing = 0;
		};
/* End PBXResourcesBuildPhase section */

/* Begin PBXShellScriptBuildPhase section */
		0D4DC943803BA96C4478C8F7 /* [CP] Check Pods Manifest.lock */ = {
			isa = PBXShellScriptBuildPhase;
			buildActionMask = 2147483647;
			files = (
			);
			inputPaths = (
				"${PODS_PODFILE_DIR_PATH}/Podfile.lock",
				"${PODS_ROOT}/Manifest.lock",
			);
			name = "[CP] Check Pods Manifest.lock";
			outputPaths = (
				"$(DERIVED_FILE_DIR)/Pods-is_lunch_mapUITests-checkManifestLockResult.txt",
			);
			runOnlyForDeploymentPostprocessing = 0;
			shellPath = /bin/sh;
			shellScript = "diff \"${PODS_PODFILE_DIR_PATH}/Podfile.lock\" \"${PODS_ROOT}/Manifest.lock\" > /dev/null\nif [ $? != 0 ] ; then\n    # print error to STDERR\n    echo \"error: The sandbox is not in sync with the Podfile.lock. Run 'pod install' or update your CocoaPods installation.\" >&2\n    exit 1\nfi\n# This output is used by Xcode 'outputs' to avoid re-running this script phase.\necho \"SUCCESS\" > \"${SCRIPT_OUTPUT_FILE_0}\"\n";
			showEnvVarsInLog = 0;
		};
		8A71E4B51A9E6495AB499348 /* [CP] Embed Pods Frameworks */ = {
			isa = PBXShellScriptBuildPhase;
			buildActionMask = 2147483647;
			files = (
			);
			inputPaths = (
				"${SRCROOT}/Pods/Target Support Files/Pods-is_lunch_mapTests/Pods-is_lunch_mapTests-frameworks.sh",
				"${BUILT_PRODUCTS_DIR}/RxSwift/RxSwift.framework",
				"${BUILT_PRODUCTS_DIR}/RxBlocking/RxBlocking.framework",
				"${BUILT_PRODUCTS_DIR}/RxTest/RxTest.framework",
			);
			name = "[CP] Embed Pods Frameworks";
			outputPaths = (
				"${TARGET_BUILD_DIR}/${FRAMEWORKS_FOLDER_PATH}/RxSwift.framework",
				"${TARGET_BUILD_DIR}/${FRAMEWORKS_FOLDER_PATH}/RxBlocking.framework",
				"${TARGET_BUILD_DIR}/${FRAMEWORKS_FOLDER_PATH}/RxTest.framework",
			);
			runOnlyForDeploymentPostprocessing = 0;
			shellPath = /bin/sh;
			shellScript = "\"${SRCROOT}/Pods/Target Support Files/Pods-is_lunch_mapTests/Pods-is_lunch_mapTests-frameworks.sh\"\n";
			showEnvVarsInLog = 0;
		};
		B88728C20BBBFA6E93573E72 /* [CP] Check Pods Manifest.lock */ = {
			isa = PBXShellScriptBuildPhase;
			buildActionMask = 2147483647;
			files = (
			);
			inputPaths = (
				"${PODS_PODFILE_DIR_PATH}/Podfile.lock",
				"${PODS_ROOT}/Manifest.lock",
			);
			name = "[CP] Check Pods Manifest.lock";
			outputPaths = (
				"$(DERIVED_FILE_DIR)/Pods-is_lunch_mapTests-checkManifestLockResult.txt",
			);
			runOnlyForDeploymentPostprocessing = 0;
			shellPath = /bin/sh;
			shellScript = "diff \"${PODS_PODFILE_DIR_PATH}/Podfile.lock\" \"${PODS_ROOT}/Manifest.lock\" > /dev/null\nif [ $? != 0 ] ; then\n    # print error to STDERR\n    echo \"error: The sandbox is not in sync with the Podfile.lock. Run 'pod install' or update your CocoaPods installation.\" >&2\n    exit 1\nfi\n# This output is used by Xcode 'outputs' to avoid re-running this script phase.\necho \"SUCCESS\" > \"${SCRIPT_OUTPUT_FILE_0}\"\n";
			showEnvVarsInLog = 0;
		};
		C01327B19FE542729C57253F /* [CP] Check Pods Manifest.lock */ = {
			isa = PBXShellScriptBuildPhase;
			buildActionMask = 2147483647;
			files = (
			);
			inputPaths = (
				"${PODS_PODFILE_DIR_PATH}/Podfile.lock",
				"${PODS_ROOT}/Manifest.lock",
			);
			name = "[CP] Check Pods Manifest.lock";
			outputPaths = (
				"$(DERIVED_FILE_DIR)/Pods-is_lunch_map-checkManifestLockResult.txt",
			);
			runOnlyForDeploymentPostprocessing = 0;
			shellPath = /bin/sh;
			shellScript = "diff \"${PODS_PODFILE_DIR_PATH}/Podfile.lock\" \"${PODS_ROOT}/Manifest.lock\" > /dev/null\nif [ $? != 0 ] ; then\n    # print error to STDERR\n    echo \"error: The sandbox is not in sync with the Podfile.lock. Run 'pod install' or update your CocoaPods installation.\" >&2\n    exit 1\nfi\n# This output is used by Xcode 'outputs' to avoid re-running this script phase.\necho \"SUCCESS\" > \"${SCRIPT_OUTPUT_FILE_0}\"\n";
			showEnvVarsInLog = 0;
		};
		DCA626F404584CC5679CA7DB /* [CP] Embed Pods Frameworks */ = {
			isa = PBXShellScriptBuildPhase;
			buildActionMask = 2147483647;
			files = (
			);
			inputPaths = (
				"${SRCROOT}/Pods/Target Support Files/Pods-is_lunch_map/Pods-is_lunch_map-frameworks.sh",
				"${BUILT_PRODUCTS_DIR}/Alamofire/Alamofire.framework",
				"${BUILT_PRODUCTS_DIR}/AlamofireImage/AlamofireImage.framework",
				"${BUILT_PRODUCTS_DIR}/KRActivityIndicatorView/KRActivityIndicatorView.framework",
				"${BUILT_PRODUCTS_DIR}/KRProgressHUD/KRProgressHUD.framework",
				"${BUILT_PRODUCTS_DIR}/ObjectMapper/ObjectMapper.framework",
				"${BUILT_PRODUCTS_DIR}/RxCocoa/RxCocoa.framework",
				"${BUILT_PRODUCTS_DIR}/RxSwift/RxSwift.framework",
				"${BUILT_PRODUCTS_DIR}/SnapKit/SnapKit.framework",
			);
			name = "[CP] Embed Pods Frameworks";
			outputPaths = (
				"${TARGET_BUILD_DIR}/${FRAMEWORKS_FOLDER_PATH}/Alamofire.framework",
				"${TARGET_BUILD_DIR}/${FRAMEWORKS_FOLDER_PATH}/AlamofireImage.framework",
				"${TARGET_BUILD_DIR}/${FRAMEWORKS_FOLDER_PATH}/KRActivityIndicatorView.framework",
				"${TARGET_BUILD_DIR}/${FRAMEWORKS_FOLDER_PATH}/KRProgressHUD.framework",
				"${TARGET_BUILD_DIR}/${FRAMEWORKS_FOLDER_PATH}/ObjectMapper.framework",
				"${TARGET_BUILD_DIR}/${FRAMEWORKS_FOLDER_PATH}/RxCocoa.framework",
				"${TARGET_BUILD_DIR}/${FRAMEWORKS_FOLDER_PATH}/RxSwift.framework",
				"${TARGET_BUILD_DIR}/${FRAMEWORKS_FOLDER_PATH}/SnapKit.framework",
			);
			runOnlyForDeploymentPostprocessing = 0;
			shellPath = /bin/sh;
			shellScript = "\"${SRCROOT}/Pods/Target Support Files/Pods-is_lunch_map/Pods-is_lunch_map-frameworks.sh\"\n";
			showEnvVarsInLog = 0;
		};
/* End PBXShellScriptBuildPhase section */

/* Begin PBXSourcesBuildPhase section */
		956100A921172D2200146C53 /* Sources */ = {
			isa = PBXSourcesBuildPhase;
			buildActionMask = 2147483647;
			files = (
				956100DF2117334000146C53 /* RestaurantListViewController.swift in Sources */,
				956100B121172D2300146C53 /* AppDelegate.swift in Sources */,
			);
			runOnlyForDeploymentPostprocessing = 0;
		};
		956100BD21172D2300146C53 /* Sources */ = {
			isa = PBXSourcesBuildPhase;
			buildActionMask = 2147483647;
			files = (
				956100C621172D2300146C53 /* is_lunch_mapTests.swift in Sources */,
			);
			runOnlyForDeploymentPostprocessing = 0;
		};
		956100C821172D2300146C53 /* Sources */ = {
			isa = PBXSourcesBuildPhase;
			buildActionMask = 2147483647;
			files = (
				956100D121172D2300146C53 /* is_lunch_mapUITests.swift in Sources */,
			);
			runOnlyForDeploymentPostprocessing = 0;
		};
/* End PBXSourcesBuildPhase section */

/* Begin PBXTargetDependency section */
		956100C321172D2300146C53 /* PBXTargetDependency */ = {
			isa = PBXTargetDependency;
			target = 956100AC21172D2200146C53 /* is_lunch_map */;
			targetProxy = 956100C221172D2300146C53 /* PBXContainerItemProxy */;
		};
		956100CE21172D2300146C53 /* PBXTargetDependency */ = {
			isa = PBXTargetDependency;
			target = 956100AC21172D2200146C53 /* is_lunch_map */;
			targetProxy = 956100CD21172D2300146C53 /* PBXContainerItemProxy */;
		};
/* End PBXTargetDependency section */

/* Begin PBXVariantGroup section */
		956100B421172D2300146C53 /* Main.storyboard */ = {
			isa = PBXVariantGroup;
			children = (
				956100B521172D2300146C53 /* Base */,
			);
			name = Main.storyboard;
			sourceTree = "<group>";
		};
		956100B921172D2300146C53 /* LaunchScreen.storyboard */ = {
			isa = PBXVariantGroup;
			children = (
				956100BA21172D2300146C53 /* Base */,
			);
			name = LaunchScreen.storyboard;
			sourceTree = "<group>";
		};
/* End PBXVariantGroup section */

/* Begin XCBuildConfiguration section */
		956100D321172D2300146C53 /* Debug */ = {
			isa = XCBuildConfiguration;
			buildSettings = {
				ALWAYS_SEARCH_USER_PATHS = NO;
				CLANG_ANALYZER_NONNULL = YES;
				CLANG_ANALYZER_NUMBER_OBJECT_CONVERSION = YES_AGGRESSIVE;
				CLANG_CXX_LANGUAGE_STANDARD = "gnu++14";
				CLANG_CXX_LIBRARY = "libc++";
				CLANG_ENABLE_MODULES = YES;
				CLANG_ENABLE_OBJC_ARC = YES;
				CLANG_WARN_BLOCK_CAPTURE_AUTORELEASING = YES;
				CLANG_WARN_BOOL_CONVERSION = YES;
				CLANG_WARN_COMMA = YES;
				CLANG_WARN_CONSTANT_CONVERSION = YES;
				CLANG_WARN_DIRECT_OBJC_ISA_USAGE = YES_ERROR;
				CLANG_WARN_DOCUMENTATION_COMMENTS = YES;
				CLANG_WARN_EMPTY_BODY = YES;
				CLANG_WARN_ENUM_CONVERSION = YES;
				CLANG_WARN_INFINITE_RECURSION = YES;
				CLANG_WARN_INT_CONVERSION = YES;
				CLANG_WARN_NON_LITERAL_NULL_CONVERSION = YES;
				CLANG_WARN_OBJC_LITERAL_CONVERSION = YES;
				CLANG_WARN_OBJC_ROOT_CLASS = YES_ERROR;
				CLANG_WARN_RANGE_LOOP_ANALYSIS = YES;
				CLANG_WARN_STRICT_PROTOTYPES = YES;
				CLANG_WARN_SUSPICIOUS_MOVE = YES;
				CLANG_WARN_UNGUARDED_AVAILABILITY = YES_AGGRESSIVE;
				CLANG_WARN_UNREACHABLE_CODE = YES;
				CLANG_WARN__DUPLICATE_METHOD_MATCH = YES;
				CODE_SIGN_IDENTITY = "iPhone Developer";
				COPY_PHASE_STRIP = NO;
				DEBUG_INFORMATION_FORMAT = dwarf;
				ENABLE_STRICT_OBJC_MSGSEND = YES;
				ENABLE_TESTABILITY = YES;
				GCC_C_LANGUAGE_STANDARD = gnu11;
				GCC_DYNAMIC_NO_PIC = NO;
				GCC_NO_COMMON_BLOCKS = YES;
				GCC_OPTIMIZATION_LEVEL = 0;
				GCC_PREPROCESSOR_DEFINITIONS = (
					"DEBUG=1",
					"$(inherited)",
				);
				GCC_WARN_64_TO_32_BIT_CONVERSION = YES;
				GCC_WARN_ABOUT_RETURN_TYPE = YES_ERROR;
				GCC_WARN_UNDECLARED_SELECTOR = YES;
				GCC_WARN_UNINITIALIZED_AUTOS = YES_AGGRESSIVE;
				GCC_WARN_UNUSED_FUNCTION = YES;
				GCC_WARN_UNUSED_VARIABLE = YES;
				IPHONEOS_DEPLOYMENT_TARGET = 11.2;
				MTL_ENABLE_DEBUG_INFO = YES;
				ONLY_ACTIVE_ARCH = YES;
				SDKROOT = iphoneos;
				SWIFT_ACTIVE_COMPILATION_CONDITIONS = DEBUG;
				SWIFT_OPTIMIZATION_LEVEL = "-Onone";
			};
			name = Debug;
		};
		956100D421172D2300146C53 /* Release */ = {
			isa = XCBuildConfiguration;
			buildSettings = {
				ALWAYS_SEARCH_USER_PATHS = NO;
				CLANG_ANALYZER_NONNULL = YES;
				CLANG_ANALYZER_NUMBER_OBJECT_CONVERSION = YES_AGGRESSIVE;
				CLANG_CXX_LANGUAGE_STANDARD = "gnu++14";
				CLANG_CXX_LIBRARY = "libc++";
				CLANG_ENABLE_MODULES = YES;
				CLANG_ENABLE_OBJC_ARC = YES;
				CLANG_WARN_BLOCK_CAPTURE_AUTORELEASING = YES;
				CLANG_WARN_BOOL_CONVERSION = YES;
				CLANG_WARN_COMMA = YES;
				CLANG_WARN_CONSTANT_CONVERSION = YES;
				CLANG_WARN_DIRECT_OBJC_ISA_USAGE = YES_ERROR;
				CLANG_WARN_DOCUMENTATION_COMMENTS = YES;
				CLANG_WARN_EMPTY_BODY = YES;
				CLANG_WARN_ENUM_CONVERSION = YES;
				CLANG_WARN_INFINITE_RECURSION = YES;
				CLANG_WARN_INT_CONVERSION = YES;
				CLANG_WARN_NON_LITERAL_NULL_CONVERSION = YES;
				CLANG_WARN_OBJC_LITERAL_CONVERSION = YES;
				CLANG_WARN_OBJC_ROOT_CLASS = YES_ERROR;
				CLANG_WARN_RANGE_LOOP_ANALYSIS = YES;
				CLANG_WARN_STRICT_PROTOTYPES = YES;
				CLANG_WARN_SUSPICIOUS_MOVE = YES;
				CLANG_WARN_UNGUARDED_AVAILABILITY = YES_AGGRESSIVE;
				CLANG_WARN_UNREACHABLE_CODE = YES;
				CLANG_WARN__DUPLICATE_METHOD_MATCH = YES;
				CODE_SIGN_IDENTITY = "iPhone Developer";
				COPY_PHASE_STRIP = NO;
				DEBUG_INFORMATION_FORMAT = "dwarf-with-dsym";
				ENABLE_NS_ASSERTIONS = NO;
				ENABLE_STRICT_OBJC_MSGSEND = YES;
				GCC_C_LANGUAGE_STANDARD = gnu11;
				GCC_NO_COMMON_BLOCKS = YES;
				GCC_WARN_64_TO_32_BIT_CONVERSION = YES;
				GCC_WARN_ABOUT_RETURN_TYPE = YES_ERROR;
				GCC_WARN_UNDECLARED_SELECTOR = YES;
				GCC_WARN_UNINITIALIZED_AUTOS = YES_AGGRESSIVE;
				GCC_WARN_UNUSED_FUNCTION = YES;
				GCC_WARN_UNUSED_VARIABLE = YES;
				IPHONEOS_DEPLOYMENT_TARGET = 11.2;
				MTL_ENABLE_DEBUG_INFO = NO;
				SDKROOT = iphoneos;
				SWIFT_OPTIMIZATION_LEVEL = "-Owholemodule";
				VALIDATE_PRODUCT = YES;
			};
			name = Release;
		};
		956100D621172D2300146C53 /* Debug */ = {
			isa = XCBuildConfiguration;
			baseConfigurationReference = B5DB06071EDAA3F6A63D90F8 /* Pods-is_lunch_map.debug.xcconfig */;
			buildSettings = {
				ASSETCATALOG_COMPILER_APPICON_NAME = AppIcon;
				CODE_SIGN_STYLE = Automatic;
				DEVELOPMENT_TEAM = E5GDSPRCHD;
				INFOPLIST_FILE = is_lunch_map/Info.plist;
				LD_RUNPATH_SEARCH_PATHS = "$(inherited) @executable_path/Frameworks";
				PRODUCT_BUNDLE_IDENTIFIER = "com.is.yukit.is-lunch-map";
				PRODUCT_NAME = "$(TARGET_NAME)";
				SWIFT_VERSION = 4.0;
				TARGETED_DEVICE_FAMILY = "1,2";
			};
			name = Debug;
		};
		956100D721172D2300146C53 /* Release */ = {
			isa = XCBuildConfiguration;
			baseConfigurationReference = D8537FB5BB51CEC345B2C700 /* Pods-is_lunch_map.release.xcconfig */;
			buildSettings = {
				ASSETCATALOG_COMPILER_APPICON_NAME = AppIcon;
				CODE_SIGN_STYLE = Automatic;
				DEVELOPMENT_TEAM = E5GDSPRCHD;
				INFOPLIST_FILE = is_lunch_map/Info.plist;
				LD_RUNPATH_SEARCH_PATHS = "$(inherited) @executable_path/Frameworks";
				PRODUCT_BUNDLE_IDENTIFIER = "com.is.yukit.is-lunch-map";
				PRODUCT_NAME = "$(TARGET_NAME)";
				SWIFT_VERSION = 4.0;
				TARGETED_DEVICE_FAMILY = "1,2";
			};
			name = Release;
		};
		956100D921172D2300146C53 /* Debug */ = {
			isa = XCBuildConfiguration;
			baseConfigurationReference = 538595429881C1F1B72E1A91 /* Pods-is_lunch_mapTests.debug.xcconfig */;
			buildSettings = {
				ALWAYS_EMBED_SWIFT_STANDARD_LIBRARIES = YES;
				BUNDLE_LOADER = "$(TEST_HOST)";
				CODE_SIGN_STYLE = Automatic;
				DEVELOPMENT_TEAM = E5GDSPRCHD;
				INFOPLIST_FILE = is_lunch_mapTests/Info.plist;
				LD_RUNPATH_SEARCH_PATHS = "$(inherited) @executable_path/Frameworks @loader_path/Frameworks";
				PRODUCT_BUNDLE_IDENTIFIER = "com.is.yukit.is-lunch-mapTests";
				PRODUCT_NAME = "$(TARGET_NAME)";
				SWIFT_VERSION = 4.0;
				TARGETED_DEVICE_FAMILY = "1,2";
				TEST_HOST = "$(BUILT_PRODUCTS_DIR)/is_lunch_map.app/is_lunch_map";
			};
			name = Debug;
		};
		956100DA21172D2300146C53 /* Release */ = {
			isa = XCBuildConfiguration;
			baseConfigurationReference = 45FA930B4EB8FCBEF81EF7E4 /* Pods-is_lunch_mapTests.release.xcconfig */;
			buildSettings = {
				ALWAYS_EMBED_SWIFT_STANDARD_LIBRARIES = YES;
				BUNDLE_LOADER = "$(TEST_HOST)";
				CODE_SIGN_STYLE = Automatic;
				DEVELOPMENT_TEAM = E5GDSPRCHD;
				INFOPLIST_FILE = is_lunch_mapTests/Info.plist;
				LD_RUNPATH_SEARCH_PATHS = "$(inherited) @executable_path/Frameworks @loader_path/Frameworks";
				PRODUCT_BUNDLE_IDENTIFIER = "com.is.yukit.is-lunch-mapTests";
				PRODUCT_NAME = "$(TARGET_NAME)";
				SWIFT_VERSION = 4.0;
				TARGETED_DEVICE_FAMILY = "1,2";
				TEST_HOST = "$(BUILT_PRODUCTS_DIR)/is_lunch_map.app/is_lunch_map";
			};
			name = Release;
		};
		956100DC21172D2300146C53 /* Debug */ = {
			isa = XCBuildConfiguration;
			baseConfigurationReference = 4896D2AD6DE8F823201EC53A /* Pods-is_lunch_mapUITests.debug.xcconfig */;
			buildSettings = {
				ALWAYS_EMBED_SWIFT_STANDARD_LIBRARIES = YES;
				CODE_SIGN_STYLE = Automatic;
				DEVELOPMENT_TEAM = E5GDSPRCHD;
				INFOPLIST_FILE = is_lunch_mapUITests/Info.plist;
				LD_RUNPATH_SEARCH_PATHS = "$(inherited) @executable_path/Frameworks @loader_path/Frameworks";
				PRODUCT_BUNDLE_IDENTIFIER = "com.is.yukit.is-lunch-mapUITests";
				PRODUCT_NAME = "$(TARGET_NAME)";
				SWIFT_VERSION = 4.0;
				TARGETED_DEVICE_FAMILY = "1,2";
				TEST_TARGET_NAME = is_lunch_map;
			};
			name = Debug;
		};
		956100DD21172D2300146C53 /* Release */ = {
			isa = XCBuildConfiguration;
			baseConfigurationReference = 96019DD731C08C32E88D4BF8 /* Pods-is_lunch_mapUITests.release.xcconfig */;
			buildSettings = {
				ALWAYS_EMBED_SWIFT_STANDARD_LIBRARIES = YES;
				CODE_SIGN_STYLE = Automatic;
				DEVELOPMENT_TEAM = E5GDSPRCHD;
				INFOPLIST_FILE = is_lunch_mapUITests/Info.plist;
				LD_RUNPATH_SEARCH_PATHS = "$(inherited) @executable_path/Frameworks @loader_path/Frameworks";
				PRODUCT_BUNDLE_IDENTIFIER = "com.is.yukit.is-lunch-mapUITests";
				PRODUCT_NAME = "$(TARGET_NAME)";
				SWIFT_VERSION = 4.0;
				TARGETED_DEVICE_FAMILY = "1,2";
				TEST_TARGET_NAME = is_lunch_map;
			};
			name = Release;
		};
/* End XCBuildConfiguration section */

/* Begin XCConfigurationList section */
		956100A821172D2200146C53 /* Build configuration list for PBXProject "is_lunch_map" */ = {
			isa = XCConfigurationList;
			buildConfigurations = (
				956100D321172D2300146C53 /* Debug */,
				956100D421172D2300146C53 /* Release */,
			);
			defaultConfigurationIsVisible = 0;
			defaultConfigurationName = Release;
		};
		956100D521172D2300146C53 /* Build configuration list for PBXNativeTarget "is_lunch_map" */ = {
			isa = XCConfigurationList;
			buildConfigurations = (
				956100D621172D2300146C53 /* Debug */,
				956100D721172D2300146C53 /* Release */,
			);
			defaultConfigurationIsVisible = 0;
			defaultConfigurationName = Release;
		};
		956100D821172D2300146C53 /* Build configuration list for PBXNativeTarget "is_lunch_mapTests" */ = {
			isa = XCConfigurationList;
			buildConfigurations = (
				956100D921172D2300146C53 /* Debug */,
				956100DA21172D2300146C53 /* Release */,
			);
			defaultConfigurationIsVisible = 0;
			defaultConfigurationName = Release;
		};
		956100DB21172D2300146C53 /* Build configuration list for PBXNativeTarget "is_lunch_mapUITests" */ = {
			isa = XCConfigurationList;
			buildConfigurations = (
				956100DC21172D2300146C53 /* Debug */,
				956100DD21172D2300146C53 /* Release */,
			);
			defaultConfigurationIsVisible = 0;
			defaultConfigurationName = Release;
		};
/* End XCConfigurationList section */
	};
	rootObject = 956100A521172D2200146C53 /* Project object */;
}
